
Microsoft Visual Studio Solution File, Format Version 12.00
Project("{FAE04EC0-301F-11D3-BF4B-00C04F79EFBC}") = "Katoa.MiniStore", "Katoa.MiniStore\Katoa.MiniStore.csproj", "{4C607651-3402-4296-88B4-9529A10AB692}"
EndProject
Global
	GlobalSection(SolutionConfigurationPlatforms) = preSolution
		Debug|Any CPU = Debug|Any CPU
		Release|Any CPU = Release|Any CPU
	EndGlobalSection
	GlobalSection(ProjectConfigurationPlatforms) = postSolution
		{4C607651-3402-4296-88B4-9529A10AB692}.Debug|Any CPU.ActiveCfg = Debug|Any CPU
		{4C607651-3402-4296-88B4-9529A10AB692}.Debug|Any CPU.Build.0 = Debug|Any CPU
		{4C607651-3402-4296-88B4-9529A10AB692}.Release|Any CPU.ActiveCfg = Release|Any CPU
		{4C607651-3402-4296-88B4-9529A10AB692}.Release|Any CPU.Build.0 = Release|Any CPU
	EndGlobalSection
EndGlobal
