
Microsoft Visual Studio Solution File, Format Version 12.00
Project("{FAE04EC0-301F-11D3-BF4B-00C04F79EFBC}") = "Katoa.MiniStore", "Katoa.MiniStore\Katoa.MiniStore.csproj", "{4C607651-3402-4296-88B4-9529A10AB692}"
EndProject
Project("{FAE04EC0-301F-11D3-BF4B-00C04F79EFBC}") = "Katoa.MiniStore.Tests", "Katoa.MiniStore.Tests\Katoa.MiniStore.Tests.csproj", "{EE901519-8253-4DBD-8F35-D68EC353F089}"
EndProject
Project("{FAE04EC0-301F-11D3-BF4B-00C04F79EFBC}") = "Katoa.MiniStore.Performance", "Katoa.MiniStore.Performance\Katoa.MiniStore.Performance.csproj", "{60DF3D1B-BCCA-49AA-A637-4A1D60880FBA}"
EndProject
Global
	GlobalSection(SolutionConfigurationPlatforms) = preSolution
		Debug|Any CPU = Debug|Any CPU
		Release|Any CPU = Release|Any CPU
	EndGlobalSection
	GlobalSection(ProjectConfigurationPlatforms) = postSolution
		{4C607651-3402-4296-88B4-9529A10AB692}.Debug|Any CPU.ActiveCfg = Debug|Any CPU
		{4C607651-3402-4296-88B4-9529A10AB692}.Debug|Any CPU.Build.0 = Debug|Any CPU
		{4C607651-3402-4296-88B4-9529A10AB692}.Release|Any CPU.ActiveCfg = Release|Any CPU
		{4C607651-3402-4296-88B4-9529A10AB692}.Release|Any CPU.Build.0 = Release|Any CPU
		{EE901519-8253-4DBD-8F35-D68EC353F089}.Debug|Any CPU.ActiveCfg = Debug|Any CPU
		{EE901519-8253-4DBD-8F35-D68EC353F089}.Debug|Any CPU.Build.0 = Debug|Any CPU
		{EE901519-8253-4DBD-8F35-D68EC353F089}.Release|Any CPU.ActiveCfg = Release|Any CPU
		{EE901519-8253-4DBD-8F35-D68EC353F089}.Release|Any CPU.Build.0 = Release|Any CPU
		{60DF3D1B-BCCA-49AA-A637-4A1D60880FBA}.Debug|Any CPU.ActiveCfg = Debug|Any CPU
		{60DF3D1B-BCCA-49AA-A637-4A1D60880FBA}.Debug|Any CPU.Build.0 = Debug|Any CPU
		{60DF3D1B-BCCA-49AA-A637-4A1D60880FBA}.Release|Any CPU.ActiveCfg = Release|Any CPU
		{60DF3D1B-BCCA-49AA-A637-4A1D60880FBA}.Release|Any CPU.Build.0 = Release|Any CPU
	EndGlobalSection
EndGlobal
